
Microsoft Visual Studio Solution File, Format Version 12.00
# Visual Studio Version 17
VisualStudioVersion = 17.0.31912.275
MinimumVisualStudioVersion = 10.0.40219.1
Project("{9A19103F-16F7-4668-BE54-9A1E7A4F7556}") = "Nexar", "Nexar\\Nexar.csproj", "{C3CC84B4-41EC-4858-8596-0D6255EA619C}"
EndProject
Project("{9A19103F-16F7-4668-BE54-9A1E7A4F7556}") = "Nexar.Test", "Nexar.Test\\Nexar.Test\\Nexar.Test.csproj", "{074A25DD-EDAB-4149-943A-177A967191A3}"
EndProject
Project("{FAE04EC0-301F-11D3-BF4B-00C04F79EFBC}") = "Nexar.samples", "samples\\Nexar.samples\\Nexar.samples.csproj", "{872C8035-F4A1-4916-926D-08A7662B0EAE}"
EndProject
Global
	GlobalSection(SolutionConfigurationPlatforms) = preSolution
		Debug|Any CPU = Debug|Any CPU
		Release|Any CPU = Release|Any CPU
	EndGlobalSection
	GlobalSection(ProjectConfigurationPlatforms) = postSolution
		{C3CC84B4-41EC-4858-8596-0D6255EA619C}.Debug|Any CPU.ActiveCfg = Debug|Any CPU
		{C3CC84B4-41EC-4858-8596-0D6255EA619C}.Debug|Any CPU.Build.0 = Debug|Any CPU
		{C3CC84B4-41EC-4858-8596-0D6255EA619C}.Release|Any CPU.ActiveCfg = Release|Any CPU
		{C3CC84B4-41EC-4858-8596-0D6255EA619C}.Release|Any CPU.Build.0 = Release|Any CPU
		{074A25DD-EDAB-4149-943A-177A967191A3}.Debug|Any CPU.ActiveCfg = Debug|Any CPU
		{074A25DD-EDAB-4149-943A-177A967191A3}.Debug|Any CPU.Build.0 = Debug|Any CPU
		{074A25DD-EDAB-4149-943A-177A967191A3}.Release|Any CPU.ActiveCfg = Release|Any CPU
		{074A25DD-EDAB-4149-943A-177A967191A3}.Release|Any CPU.Build.0 = Release|Any CPU
		{872C8035-F4A1-4916-926D-08A7662B0EAE}.Debug|Any CPU.ActiveCfg = Debug|Any CPU
		{872C8035-F4A1-4916-926D-08A7662B0EAE}.Debug|Any CPU.Build.0 = Debug|Any CPU
		{872C8035-F4A1-4916-926D-08A7662B0EAE}.Release|Any CPU.ActiveCfg = Release|Any CPU
		{872C8035-F4A1-4916-926D-08A7662B0EAE}.Release|Any CPU.Build.0 = Release|Any CPU
	EndGlobalSection
	GlobalSection(SolutionProperties) = preSolution
		HideSolutionNode = FALSE
	EndGlobalSection
	GlobalSection(ExtensibilityGlobals) = postSolution
		SolutionGuid = {1D124414-74F7-4BB5-AD3C-136FD30D9B30}
	EndGlobalSection
EndGlobal
